
Microsoft Visual Studio Solution File, Format Version 12.00
# Visual Studio 15
VisualStudioVersion = 15.0.27004.2005
MinimumVisualStudioVersion = 10.0.40219.1
Project("{FAE04EC0-301F-11D3-BF4B-00C04F79EFBC}") = "portafolio", "portafolio\portafolio.csproj", "{35B58382-E61B-47D3-90C9-A3CEAEB9A6D5}"
EndProject
Global
	GlobalSection(SolutionConfigurationPlatforms) = preSolution
		Debug|Any CPU = Debug|Any CPU
		Release|Any CPU = Release|Any CPU
	EndGlobalSection
	GlobalSection(ProjectConfigurationPlatforms) = postSolution
		{35B58382-E61B-47D3-90C9-A3CEAEB9A6D5}.Debug|Any CPU.ActiveCfg = Debug|Any CPU
		{35B58382-E61B-47D3-90C9-A3CEAEB9A6D5}.Debug|Any CPU.Build.0 = Debug|Any CPU
		{35B58382-E61B-47D3-90C9-A3CEAEB9A6D5}.Release|Any CPU.ActiveCfg = Release|Any CPU
		{35B58382-E61B-47D3-90C9-A3CEAEB9A6D5}.Release|Any CPU.Build.0 = Release|Any CPU
	EndGlobalSection
	GlobalSection(SolutionProperties) = preSolution
		HideSolutionNode = FALSE
	EndGlobalSection
	GlobalSection(ExtensibilityGlobals) = postSolution
		SolutionGuid = {93B39603-B9DF-45AB-BB87-15D6C1215555}
	EndGlobalSection
EndGlobal
